// !$*UTF8*$!
{
	archiveVersion = 1;
	classes = {
	};
	objectVersion = 56;
	objects = {

/* Begin PBXBuildFile section */
		F63AA30628ED864F00793E02 /* SUIsampleApp.swift in Sources */ = {isa = PBXBuildFile; fileRef = F63AA30528ED864F00793E02 /* SUIsampleApp.swift */; };
		F63AA30828ED864F00793E02 /* ContentView.swift in Sources */ = {isa = PBXBuildFile; fileRef = F63AA30728ED864F00793E02 /* ContentView.swift */; };
		F63AA30A28ED865000793E02 /* Assets.xcassets in Resources */ = {isa = PBXBuildFile; fileRef = F63AA30928ED865000793E02 /* Assets.xcassets */; };
		F63AA30D28ED865000793E02 /* Preview Assets.xcassets in Resources */ = {isa = PBXBuildFile; fileRef = F63AA30C28ED865000793E02 /* Preview Assets.xcassets */; };
		F63AA31528ED889A00793E02 /* Spotlight.swift in Sources */ = {isa = PBXBuildFile; fileRef = F63AA31428ED889A00793E02 /* Spotlight.swift */; };
		F63AA31C28ED8CE000793E02 /* ExpenseHome.swift in Sources */ = {isa = PBXBuildFile; fileRef = F63AA31B28ED8CE000793E02 /* ExpenseHome.swift */; };
		F63AA31E28ED8D1E00793E02 /* Expense.swift in Sources */ = {isa = PBXBuildFile; fileRef = F63AA31D28ED8D1E00793E02 /* Expense.swift */; };
		F63AA32028ED909100793E02 /* ExpenseViewModel.swift in Sources */ = {isa = PBXBuildFile; fileRef = F63AA31F28ED909100793E02 /* ExpenseViewModel.swift */; };
		F63AA32228ED9A6C00793E02 /* TransactionCardView.swift in Sources */ = {isa = PBXBuildFile; fileRef = F63AA32128ED9A6C00793E02 /* TransactionCardView.swift */; };
		F63AA32428ED9D3A00793E02 /* FilteredDetailView.swift in Sources */ = {isa = PBXBuildFile; fileRef = F63AA32328ED9D3A00793E02 /* FilteredDetailView.swift */; };
		F63AA32628EDA3B600793E02 /* ExpenseCard.swift in Sources */ = {isa = PBXBuildFile; fileRef = F63AA32528EDA3B600793E02 /* ExpenseCard.swift */; };
		F63AA32828EDACF300793E02 /* NewExpense.swift in Sources */ = {isa = PBXBuildFile; fileRef = F63AA32728EDACF300793E02 /* NewExpense.swift */; };
/* End PBXBuildFile section */

/* Begin PBXFileReference section */
		F63AA30228ED864F00793E02 /* SUIsample.app */ = {isa = PBXFileReference; explicitFileType = wrapper.application; includeInIndex = 0; path = SUIsample.app; sourceTree = BUILT_PRODUCTS_DIR; };
		F63AA30528ED864F00793E02 /* SUIsampleApp.swift */ = {isa = PBXFileReference; lastKnownFileType = sourcecode.swift; path = SUIsampleApp.swift; sourceTree = "<group>"; };
		F63AA30728ED864F00793E02 /* ContentView.swift */ = {isa = PBXFileReference; lastKnownFileType = sourcecode.swift; path = ContentView.swift; sourceTree = "<group>"; };
		F63AA30928ED865000793E02 /* Assets.xcassets */ = {isa = PBXFileReference; lastKnownFileType = folder.assetcatalog; path = Assets.xcassets; sourceTree = "<group>"; };
		F63AA30C28ED865000793E02 /* Preview Assets.xcassets */ = {isa = PBXFileReference; lastKnownFileType = folder.assetcatalog; path = "Preview Assets.xcassets"; sourceTree = "<group>"; };
		F63AA31428ED889A00793E02 /* Spotlight.swift */ = {isa = PBXFileReference; lastKnownFileType = sourcecode.swift; path = Spotlight.swift; sourceTree = "<group>"; };
		F63AA31B28ED8CE000793E02 /* ExpenseHome.swift */ = {isa = PBXFileReference; lastKnownFileType = sourcecode.swift; path = ExpenseHome.swift; sourceTree = "<group>"; };
		F63AA31D28ED8D1E00793E02 /* Expense.swift */ = {isa = PBXFileReference; lastKnownFileType = sourcecode.swift; path = Expense.swift; sourceTree = "<group>"; };
		F63AA31F28ED909100793E02 /* ExpenseViewModel.swift */ = {isa = PBXFileReference; lastKnownFileType = sourcecode.swift; path = ExpenseViewModel.swift; sourceTree = "<group>"; };
		F63AA32128ED9A6C00793E02 /* TransactionCardView.swift */ = {isa = PBXFileReference; lastKnownFileType = sourcecode.swift; path = TransactionCardView.swift; sourceTree = "<group>"; };
		F63AA32328ED9D3A00793E02 /* FilteredDetailView.swift */ = {isa = PBXFileReference; lastKnownFileType = sourcecode.swift; path = FilteredDetailView.swift; sourceTree = "<group>"; };
		F63AA32528EDA3B600793E02 /* ExpenseCard.swift */ = {isa = PBXFileReference; lastKnownFileType = sourcecode.swift; path = ExpenseCard.swift; sourceTree = "<group>"; };
		F63AA32728EDACF300793E02 /* NewExpense.swift */ = {isa = PBXFileReference; lastKnownFileType = sourcecode.swift; path = NewExpense.swift; sourceTree = "<group>"; };
/* End PBXFileReference section */

/* Begin PBXFrameworksBuildPhase section */
		F63AA2FF28ED864F00793E02 /* Frameworks */ = {
			isa = PBXFrameworksBuildPhase;
			buildActionMask = 2147483647;
			files = (
			);
			runOnlyForDeploymentPostprocessing = 0;
		};
/* End PBXFrameworksBuildPhase section */

/* Begin PBXGroup section */
		F63AA2F928ED864F00793E02 = {
			isa = PBXGroup;
			children = (
				F63AA30428ED864F00793E02 /* SUIsample */,
				F63AA30328ED864F00793E02 /* Products */,
			);
			sourceTree = "<group>";
		};
		F63AA30328ED864F00793E02 /* Products */ = {
			isa = PBXGroup;
			children = (
				F63AA30228ED864F00793E02 /* SUIsample.app */,
			);
			name = Products;
			sourceTree = "<group>";
		};
		F63AA30428ED864F00793E02 /* SUIsample */ = {
			isa = PBXGroup;
			children = (
				F63AA31628ED8C9900793E02 /* ExpenseTracker */,
				F63AA30928ED865000793E02 /* Assets.xcassets */,
				F63AA31328ED87CA00793E02 /* Spotlight */,
				F63AA30528ED864F00793E02 /* SUIsampleApp.swift */,
				F63AA30728ED864F00793E02 /* ContentView.swift */,
				F63AA30B28ED865000793E02 /* Preview Content */,
			);
			path = SUIsample;
			sourceTree = "<group>";
		};
		F63AA30B28ED865000793E02 /* Preview Content */ = {
			isa = PBXGroup;
			children = (
				F63AA30C28ED865000793E02 /* Preview Assets.xcassets */,
			);
			path = "Preview Content";
			sourceTree = "<group>";
		};
		F63AA31328ED87CA00793E02 /* Spotlight */ = {
			isa = PBXGroup;
			children = (
				F63AA31428ED889A00793E02 /* Spotlight.swift */,
			);
			path = Spotlight;
			sourceTree = "<group>";
		};
		F63AA31628ED8C9900793E02 /* ExpenseTracker */ = {
			isa = PBXGroup;
			children = (
				F63AA31728ED8CC800793E02 /* ViewModel */,
				F63AA31A28ED8CD800793E02 /* Model */,
				F63AA31828ED8CCE00793E02 /* View */,
			);
			path = ExpenseTracker;
			sourceTree = "<group>";
		};
		F63AA31728ED8CC800793E02 /* ViewModel */ = {
			isa = PBXGroup;
			children = (
				F63AA31F28ED909100793E02 /* ExpenseViewModel.swift */,
			);
			path = ViewModel;
			sourceTree = "<group>";
		};
		F63AA31828ED8CCE00793E02 /* View */ = {
			isa = PBXGroup;
			children = (
				F63AA31B28ED8CE000793E02 /* ExpenseHome.swift */,
				F63AA32328ED9D3A00793E02 /* FilteredDetailView.swift */,
				F63AA32528EDA3B600793E02 /* ExpenseCard.swift */,
				F63AA32128ED9A6C00793E02 /* TransactionCardView.swift */,
				F63AA32728EDACF300793E02 /* NewExpense.swift */,
			);
			path = View;
			sourceTree = "<group>";
		};
		F63AA31A28ED8CD800793E02 /* Model */ = {
			isa = PBXGroup;
			children = (
				F63AA31D28ED8D1E00793E02 /* Expense.swift */,
			);
			path = Model;
			sourceTree = "<group>";
		};
/* End PBXGroup section */

/* Begin PBXNativeTarget section */
		F63AA30128ED864F00793E02 /* SUIsample */ = {
			isa = PBXNativeTarget;
			buildConfigurationList = F63AA31028ED865000793E02 /* Build configuration list for PBXNativeTarget "SUIsample" */;
			buildPhases = (
				F63AA2FE28ED864F00793E02 /* Sources */,
				F63AA2FF28ED864F00793E02 /* Frameworks */,
				F63AA30028ED864F00793E02 /* Resources */,
			);
			buildRules = (
			);
			dependencies = (
			);
			name = SUIsample;
			productName = SUIsample;
			productReference = F63AA30228ED864F00793E02 /* SUIsample.app */;
			productType = "com.apple.product-type.application";
		};
/* End PBXNativeTarget section */

/* Begin PBXProject section */
		F63AA2FA28ED864F00793E02 /* Project object */ = {
			isa = PBXProject;
			attributes = {
				BuildIndependentTargetsInParallel = 1;
				LastSwiftUpdateCheck = 1400;
				LastUpgradeCheck = 1400;
				TargetAttributes = {
					F63AA30128ED864F00793E02 = {
						CreatedOnToolsVersion = 14.0.1;
					};
				};
			};
			buildConfigurationList = F63AA2FD28ED864F00793E02 /* Build configuration list for PBXProject "SUIsample" */;
			compatibilityVersion = "Xcode 14.0";
			developmentRegion = en;
			hasScannedForEncodings = 0;
			knownRegions = (
				en,
				Base,
			);
			mainGroup = F63AA2F928ED864F00793E02;
			productRefGroup = F63AA30328ED864F00793E02 /* Products */;
			projectDirPath = "";
			projectRoot = "";
			targets = (
				F63AA30128ED864F00793E02 /* SUIsample */,
			);
		};
/* End PBXProject section */

/* Begin PBXResourcesBuildPhase section */
		F63AA30028ED864F00793E02 /* Resources */ = {
			isa = PBXResourcesBuildPhase;
			buildActionMask = 2147483647;
			files = (
				F63AA30D28ED865000793E02 /* Preview Assets.xcassets in Resources */,
				F63AA30A28ED865000793E02 /* Assets.xcassets in Resources */,
			);
			runOnlyForDeploymentPostprocessing = 0;
		};
/* End PBXResourcesBuildPhase section */

/* Begin PBXSourcesBuildPhase section */
		F63AA2FE28ED864F00793E02 /* Sources */ = {
			isa = PBXSourcesBuildPhase;
			buildActionMask = 2147483647;
			files = (
				F63AA31528ED889A00793E02 /* Spotlight.swift in Sources */,
				F63AA32228ED9A6C00793E02 /* TransactionCardView.swift in Sources */,
				F63AA32428ED9D3A00793E02 /* FilteredDetailView.swift in Sources */,
				F63AA32028ED909100793E02 /* ExpenseViewModel.swift in Sources */,
				F63AA30828ED864F00793E02 /* ContentView.swift in Sources */,
				F63AA32828EDACF300793E02 /* NewExpense.swift in Sources */,
				F63AA31C28ED8CE000793E02 /* ExpenseHome.swift in Sources */,
				F63AA32628EDA3B600793E02 /* ExpenseCard.swift in Sources */,
				F63AA30628ED864F00793E02 /* SUIsampleApp.swift in Sources */,
				F63AA31E28ED8D1E00793E02 /* Expense.swift in Sources */,
			);
			runOnlyForDeploymentPostprocessing = 0;
		};
/* End PBXSourcesBuildPhase section */

/* Begin XCBuildConfiguration section */
		F63AA30E28ED865000793E02 /* Debug */ = {
			isa = XCBuildConfiguration;
			buildSettings = {
				ALWAYS_SEARCH_USER_PATHS = NO;
				CLANG_ANALYZER_NONNULL = YES;
				CLANG_ANALYZER_NUMBER_OBJECT_CONVERSION = YES_AGGRESSIVE;
				CLANG_CXX_LANGUAGE_STANDARD = "gnu++20";
				CLANG_ENABLE_MODULES = YES;
				CLANG_ENABLE_OBJC_ARC = YES;
				CLANG_ENABLE_OBJC_WEAK = YES;
				CLANG_WARN_BLOCK_CAPTURE_AUTORELEASING = YES;
				CLANG_WARN_BOOL_CONVERSION = YES;
				CLANG_WARN_COMMA = YES;
				CLANG_WARN_CONSTANT_CONVERSION = YES;
				CLANG_WARN_DEPRECATED_OBJC_IMPLEMENTATIONS = YES;
				CLANG_WARN_DIRECT_OBJC_ISA_USAGE = YES_ERROR;
				CLANG_WARN_DOCUMENTATION_COMMENTS = YES;
				CLANG_WARN_EMPTY_BODY = YES;
				CLANG_WARN_ENUM_CONVERSION = YES;
				CLANG_WARN_INFINITE_RECURSION = YES;
				CLANG_WARN_INT_CONVERSION = YES;
				CLANG_WARN_NON_LITERAL_NULL_CONVERSION = YES;
				CLANG_WARN_OBJC_IMPLICIT_RETAIN_SELF = YES;
				CLANG_WARN_OBJC_LITERAL_CONVERSION = YES;
				CLANG_WARN_OBJC_ROOT_CLASS = YES_ERROR;
				CLANG_WARN_QUOTED_INCLUDE_IN_FRAMEWORK_HEADER = YES;
				CLANG_WARN_RANGE_LOOP_ANALYSIS = YES;
				CLANG_WARN_STRICT_PROTOTYPES = YES;
				CLANG_WARN_SUSPICIOUS_MOVE = YES;
				CLANG_WARN_UNGUARDED_AVAILABILITY = YES_AGGRESSIVE;
				CLANG_WARN_UNREACHABLE_CODE = YES;
				CLANG_WARN__DUPLICATE_METHOD_MATCH = YES;
				COPY_PHASE_STRIP = NO;
				DEBUG_INFORMATION_FORMAT = dwarf;
				ENABLE_STRICT_OBJC_MSGSEND = YES;
				ENABLE_TESTABILITY = YES;
				GCC_C_LANGUAGE_STANDARD = gnu11;
				GCC_DYNAMIC_NO_PIC = NO;
				GCC_NO_COMMON_BLOCKS = YES;
				GCC_OPTIMIZATION_LEVEL = 0;
				GCC_PREPROCESSOR_DEFINITIONS = (
					"DEBUG=1",
					"$(inherited)",
				);
				GCC_WARN_64_TO_32_BIT_CONVERSION = YES;
				GCC_WARN_ABOUT_RETURN_TYPE = YES_ERROR;
				GCC_WARN_UNDECLARED_SELECTOR = YES;
				GCC_WARN_UNINITIALIZED_AUTOS = YES_AGGRESSIVE;
				GCC_WARN_UNUSED_FUNCTION = YES;
				GCC_WARN_UNUSED_VARIABLE = YES;
				IPHONEOS_DEPLOYMENT_TARGET = 16.0;
				MTL_ENABLE_DEBUG_INFO = INCLUDE_SOURCE;
				MTL_FAST_MATH = YES;
				ONLY_ACTIVE_ARCH = YES;
				SDKROOT = iphoneos;
				SWIFT_ACTIVE_COMPILATION_CONDITIONS = DEBUG;
				SWIFT_OPTIMIZATION_LEVEL = "-Onone";
			};
			name = Debug;
		};
		F63AA30F28ED865000793E02 /* Release */ = {
			isa = XCBuildConfiguration;
			buildSettings = {
				ALWAYS_SEARCH_USER_PATHS = NO;
				CLANG_ANALYZER_NONNULL = YES;
				CLANG_ANALYZER_NUMBER_OBJECT_CONVERSION = YES_AGGRESSIVE;
				CLANG_CXX_LANGUAGE_STANDARD = "gnu++20";
				CLANG_ENABLE_MODULES = YES;
				CLANG_ENABLE_OBJC_ARC = YES;
				CLANG_ENABLE_OBJC_WEAK = YES;
				CLANG_WARN_BLOCK_CAPTURE_AUTORELEASING = YES;
				CLANG_WARN_BOOL_CONVERSION = YES;
				CLANG_WARN_COMMA = YES;
				CLANG_WARN_CONSTANT_CONVERSION = YES;
				CLANG_WARN_DEPRECATED_OBJC_IMPLEMENTATIONS = YES;
				CLANG_WARN_DIRECT_OBJC_ISA_USAGE = YES_ERROR;
				CLANG_WARN_DOCUMENTATION_COMMENTS = YES;
				CLANG_WARN_EMPTY_BODY = YES;
				CLANG_WARN_ENUM_CONVERSION = YES;
				CLANG_WARN_INFINITE_RECURSION = YES;
				CLANG_WARN_INT_CONVERSION = YES;
				CLANG_WARN_NON_LITERAL_NULL_CONVERSION = YES;
				CLANG_WARN_OBJC_IMPLICIT_RETAIN_SELF = YES;
				CLANG_WARN_OBJC_LITERAL_CONVERSION = YES;
				CLANG_WARN_OBJC_ROOT_CLASS = YES_ERROR;
				CLANG_WARN_QUOTED_INCLUDE_IN_FRAMEWORK_HEADER = YES;
				CLANG_WARN_RANGE_LOOP_ANALYSIS = YES;
				CLANG_WARN_STRICT_PROTOTYPES = YES;
				CLANG_WARN_SUSPICIOUS_MOVE = YES;
				CLANG_WARN_UNGUARDED_AVAILABILITY = YES_AGGRESSIVE;
				CLANG_WARN_UNREACHABLE_CODE = YES;
				CLANG_WARN__DUPLICATE_METHOD_MATCH = YES;
				COPY_PHASE_STRIP = NO;
				DEBUG_INFORMATION_FORMAT = "dwarf-with-dsym";
				ENABLE_NS_ASSERTIONS = NO;
				ENABLE_STRICT_OBJC_MSGSEND = YES;
				GCC_C_LANGUAGE_STANDARD = gnu11;
				GCC_NO_COMMON_BLOCKS = YES;
				GCC_WARN_64_TO_32_BIT_CONVERSION = YES;
				GCC_WARN_ABOUT_RETURN_TYPE = YES_ERROR;
				GCC_WARN_UNDECLARED_SELECTOR = YES;
				GCC_WARN_UNINITIALIZED_AUTOS = YES_AGGRESSIVE;
				GCC_WARN_UNUSED_FUNCTION = YES;
				GCC_WARN_UNUSED_VARIABLE = YES;
				IPHONEOS_DEPLOYMENT_TARGET = 16.0;
				MTL_ENABLE_DEBUG_INFO = NO;
				MTL_FAST_MATH = YES;
				SDKROOT = iphoneos;
				SWIFT_COMPILATION_MODE = wholemodule;
				SWIFT_OPTIMIZATION_LEVEL = "-O";
				VALIDATE_PRODUCT = YES;
			};
			name = Release;
		};
		F63AA31128ED865000793E02 /* Debug */ = {
			isa = XCBuildConfiguration;
			buildSettings = {
				ASSETCATALOG_COMPILER_APPICON_NAME = AppIcon;
				ASSETCATALOG_COMPILER_GLOBAL_ACCENT_COLOR_NAME = AccentColor;
				CODE_SIGN_STYLE = Automatic;
				CURRENT_PROJECT_VERSION = 1;
				DEVELOPMENT_ASSET_PATHS = "\"SUIsample/Preview Content\"";
				DEVELOPMENT_TEAM = 94K2K33P88;
				ENABLE_PREVIEWS = YES;
				GENERATE_INFOPLIST_FILE = YES;
				INFOPLIST_KEY_UIApplicationSceneManifest_Generation = YES;
				INFOPLIST_KEY_UIApplicationSupportsIndirectInputEvents = YES;
				INFOPLIST_KEY_UILaunchScreen_Generation = YES;
				INFOPLIST_KEY_UISupportedInterfaceOrientations_iPad = "UIInterfaceOrientationPortrait UIInterfaceOrientationPortraitUpsideDown UIInterfaceOrientationLandscapeLeft UIInterfaceOrientationLandscapeRight";
				INFOPLIST_KEY_UISupportedInterfaceOrientations_iPhone = "UIInterfaceOrientationPortrait UIInterfaceOrientationLandscapeLeft UIInterfaceOrientationLandscapeRight";
				LD_RUNPATH_SEARCH_PATHS = (
					"$(inherited)",
					"@executable_path/Frameworks",
				);
				MARKETING_VERSION = 1.0;
				PRODUCT_BUNDLE_IDENTIFIER = com.hyoungbin.SUIsample;
				PRODUCT_NAME = "$(TARGET_NAME)";
				SWIFT_EMIT_LOC_STRINGS = YES;
				SWIFT_VERSION = 5.0;
				TARGETED_DEVICE_FAMILY = "1,2";
			};
			name = Debug;
		};
		F63AA31228ED865000793E02 /* Release */ = {
			isa = XCBuildConfiguration;
			buildSettings = {
				ASSETCATALOG_COMPILER_APPICON_NAME = AppIcon;
				ASSETCATALOG_COMPILER_GLOBAL_ACCENT_COLOR_NAME = AccentColor;
				CODE_SIGN_STYLE = Automatic;
				CURRENT_PROJECT_VERSION = 1;
				DEVELOPMENT_ASSET_PATHS = "\"SUIsample/Preview Content\"";
				DEVELOPMENT_TEAM = 94K2K33P88;
				ENABLE_PREVIEWS = YES;
				GENERATE_INFOPLIST_FILE = YES;
				INFOPLIST_KEY_UIApplicationSceneManifest_Generation = YES;
				INFOPLIST_KEY_UIApplicationSupportsIndirectInputEvents = YES;
				INFOPLIST_KEY_UILaunchScreen_Generation = YES;
				INFOPLIST_KEY_UISupportedInterfaceOrientations_iPad = "UIInterfaceOrientationPortrait UIInterfaceOrientationPortraitUpsideDown UIInterfaceOrientationLandscapeLeft UIInterfaceOrientationLandscapeRight";
				INFOPLIST_KEY_UISupportedInterfaceOrientations_iPhone = "UIInterfaceOrientationPortrait UIInterfaceOrientationLandscapeLeft UIInterfaceOrientationLandscapeRight";
				LD_RUNPATH_SEARCH_PATHS = (
					"$(inherited)",
					"@executable_path/Frameworks",
				);
				MARKETING_VERSION = 1.0;
				PRODUCT_BUNDLE_IDENTIFIER = com.hyoungbin.SUIsample;
				PRODUCT_NAME = "$(TARGET_NAME)";
				SWIFT_EMIT_LOC_STRINGS = YES;
				SWIFT_VERSION = 5.0;
				TARGETED_DEVICE_FAMILY = "1,2";
			};
			name = Release;
		};
/* End XCBuildConfiguration section */

/* Begin XCConfigurationList section */
		F63AA2FD28ED864F00793E02 /* Build configuration list for PBXProject "SUIsample" */ = {
			isa = XCConfigurationList;
			buildConfigurations = (
				F63AA30E28ED865000793E02 /* Debug */,
				F63AA30F28ED865000793E02 /* Release */,
			);
			defaultConfigurationIsVisible = 0;
			defaultConfigurationName = Release;
		};
		F63AA31028ED865000793E02 /* Build configuration list for PBXNativeTarget "SUIsample" */ = {
			isa = XCConfigurationList;
			buildConfigurations = (
				F63AA31128ED865000793E02 /* Debug */,
				F63AA31228ED865000793E02 /* Release */,
			);
			defaultConfigurationIsVisible = 0;
			defaultConfigurationName = Release;
		};
/* End XCConfigurationList section */
	};
	rootObject = F63AA2FA28ED864F00793E02 /* Project object */;
}
